Microsoft Visual Studio Solution File, Format Version 12.00
# Visual Studio 2012
Project("{FAE04EC0-301F-11D3-BF4B-00C04F79EFBC}") = "Lab", "Lab.csproj", "{8120D4D6-CCA4-455A-9292-77AA3F9B8E5A}"
EndProject
Global
	GlobalSection(SolutionConfigurationPlatforms) = preSolution
	Debug|Any CPU = Debug|Any CPU
	ExportDebug|Any CPU = ExportDebug|Any CPU
	ExportRelease|Any CPU = ExportRelease|Any CPU
	EndGlobalSection
	GlobalSection(ProjectConfigurationPlatforms) = postSolution
		{8120D4D6-CCA4-455A-9292-77AA3F9B8E5A}.Debug|Any CPU.ActiveCfg = Debug|Any CPU
		{8120D4D6-CCA4-455A-9292-77AA3F9B8E5A}.Debug|Any CPU.Build.0 = Debug|Any CPU
		{8120D4D6-CCA4-455A-9292-77AA3F9B8E5A}.ExportDebug|Any CPU.ActiveCfg = ExportDebug|Any CPU
		{8120D4D6-CCA4-455A-9292-77AA3F9B8E5A}.ExportDebug|Any CPU.Build.0 = ExportDebug|Any CPU
		{8120D4D6-CCA4-455A-9292-77AA3F9B8E5A}.ExportRelease|Any CPU.ActiveCfg = ExportRelease|Any CPU
		{8120D4D6-CCA4-455A-9292-77AA3F9B8E5A}.ExportRelease|Any CPU.Build.0 = ExportRelease|Any CPU
	EndGlobalSection
EndGlobal
